PODS:
  - blockbased-delegates-ios (0.1.0)

DEPENDENCIES:
  - blockbased-delegates-ios (from `../`)

EXTERNAL SOURCES:
  blockbased-delegates-ios:
    :path: "../"

SPEC CHECKSUMS:
  blockbased-delegates-ios: 1643d7787aa30ed4abe125cdb45405fb5040e0be

PODFILE CHECKSUM: 11ad94522286b8195aa2142d1c544d7bfebc6440

COCOAPODS: 1.0.1
